
Microsoft Visual Studio Solution File, Format Version 12.00
# Visual Studio Version 17
VisualStudioVersion = 17.8.34309.116
MinimumVisualStudioVersion = 10.0.40219.1
Project("{FAE04EC0-301F-11D3-BF4B-00C04F79EFBC}") = "Restaurant-Form", "Restaurant-Form.csproj", "{317D5219-18B6-4E5F-98DF-187DBAAF5295}"
EndProject
Global
	GlobalSection(SolutionConfigurationPlatforms) = preSolution
		Debug|Any CPU = Debug|Any CPU
		Release|Any CPU = Release|Any CPU
	EndGlobalSection
	GlobalSection(ProjectConfigurationPlatforms) = postSolution
		{317D5219-18B6-4E5F-98DF-187DBAAF5295}.Debug|Any CPU.ActiveCfg = Debug|Any CPU
		{317D5219-18B6-4E5F-98DF-187DBAAF5295}.Debug|Any CPU.Build.0 = Debug|Any CPU
		{317D5219-18B6-4E5F-98DF-187DBAAF5295}.Release|Any CPU.ActiveCfg = Release|Any CPU
		{317D5219-18B6-4E5F-98DF-187DBAAF5295}.Release|Any CPU.Build.0 = Release|Any CPU
	EndGlobalSection
	GlobalSection(SolutionProperties) = preSolution
		HideSolutionNode = FALSE
	EndGlobalSection
	GlobalSection(ExtensibilityGlobals) = postSolution
		SolutionGuid = {D1EE474C-A9C7-4AB0-9E6B-1FDC67825F7E}
	EndGlobalSection
EndGlobal
